
Microsoft Visual Studio Solution File, Format Version 12.00
# Visual Studio Version 17
VisualStudioVersion = 17.11.35431.28
MinimumVisualStudioVersion = 10.0.40219.1
Project("{FAE04EC0-301F-11D3-BF4B-00C04F79EFBC}") = "Tratamento_POO", "Tratamento_POO\Tratamento_POO.csproj", "{B5BD1D90-F651-405E-B115-AC94D60F7BE2}"
EndProject
Global
	GlobalSection(SolutionConfigurationPlatforms) = preSolution
		Debug|Any CPU = Debug|Any CPU
		Release|Any CPU = Release|Any CPU
	EndGlobalSection
	GlobalSection(ProjectConfigurationPlatforms) = postSolution
		{B5BD1D90-F651-405E-B115-AC94D60F7BE2}.Debug|Any CPU.ActiveCfg = Debug|Any CPU
		{B5BD1D90-F651-405E-B115-AC94D60F7BE2}.Debug|Any CPU.Build.0 = Debug|Any CPU
		{B5BD1D90-F651-405E-B115-AC94D60F7BE2}.Release|Any CPU.ActiveCfg = Release|Any CPU
		{B5BD1D90-F651-405E-B115-AC94D60F7BE2}.Release|Any CPU.Build.0 = Release|Any CPU
	EndGlobalSection
	GlobalSection(SolutionProperties) = preSolution
		HideSolutionNode = FALSE
	EndGlobalSection
	GlobalSection(ExtensibilityGlobals) = postSolution
		SolutionGuid = {51C9C767-B994-4F23-ACD9-E5D4FF162C03}
	EndGlobalSection
EndGlobal
